{
  "name": "projetFilRouge",
  "lockfileVersion": 2,
  "requires": true,
  "packages": {
    "": {
      "dependencies": {
        "@fontsource/im-fell-great-primer": "^4.5.7"
      }
    },
    "node_modules/@fontsource/im-fell-great-primer": {
      "version": "4.5.7",
      "resolved": "https://registry.npmjs.org/@fontsource/im-fell-great-primer/-/im-fell-great-primer-4.5.7.tgz",
      "integrity": "sha512-iste86RUUsN9ONYNZqqtQxJGlNDptTrtyDE8o+sOToPvGTsD5qq3f8HWVJ7eodqnc+bJ7kgbBB14RzAwCFbXMw=="
    }
  },
  "dependencies": {
    "@fontsource/im-fell-great-primer": {
      "version": "4.5.7",
      "resolved": "https://registry.npmjs.org/@fontsource/im-fell-great-primer/-/im-fell-great-primer-4.5.7.tgz",
      "integrity": "sha512-iste86RUUsN9ONYNZqqtQxJGlNDptTrtyDE8o+sOToPvGTsD5qq3f8HWVJ7eodqnc+bJ7kgbBB14RzAwCFbXMw=="
    }
  }
}
